// !$*UTF8*$!
{
	archiveVersion = 1;
	classes = {
	};
	objectVersion = 56;
	objects = {

/* Begin PBXBuildFile section */
		C51DF56D299173C8000E8AC2 /* Gender.swift in Sources */ = {isa = PBXBuildFile; fileRef = C51DF56C299173C8000E8AC2 /* Gender.swift */; };
		C51DF56F29917EAF000E8AC2 /* SignUpUIState.swift in Sources */ = {isa = PBXBuildFile; fileRef = C51DF56E29917EAF000E8AC2 /* SignUpUIState.swift */; };
		C51DF57129917EF7000E8AC2 /* SignUpViewModel.swift in Sources */ = {isa = PBXBuildFile; fileRef = C51DF57029917EF7000E8AC2 /* SignUpViewModel.swift */; };
		C51DF57329917F63000E8AC2 /* SignUpViewRouter.swift in Sources */ = {isa = PBXBuildFile; fileRef = C51DF57229917F63000E8AC2 /* SignUpViewRouter.swift */; };
		C5206F18295B76CD00C5F78B /* SplashView.swift in Sources */ = {isa = PBXBuildFile; fileRef = C5206F17295B76CD00C5F78B /* SplashView.swift */; };
		C5206F1A295B775C00C5F78B /* SplashUIState.swift in Sources */ = {isa = PBXBuildFile; fileRef = C5206F19295B775C00C5F78B /* SplashUIState.swift */; };
		C531A4192A5DD947002314A5 /* CustomTextFieldStyle.swift in Sources */ = {isa = PBXBuildFile; fileRef = C531A4182A5DD947002314A5 /* CustomTextFieldStyle.swift */; };
		C5323FA2298D488A006FE9D7 /* SignInViewRouter.swift in Sources */ = {isa = PBXBuildFile; fileRef = C5323FA1298D488A006FE9D7 /* SignInViewRouter.swift */; };
		C5323FA8298D4912006FE9D7 /* HomeView.swift in Sources */ = {isa = PBXBuildFile; fileRef = C5323FA7298D4912006FE9D7 /* HomeView.swift */; };
		C5323FAA298D491D006FE9D7 /* HomeViewModel.swift in Sources */ = {isa = PBXBuildFile; fileRef = C5323FA9298D491D006FE9D7 /* HomeViewModel.swift */; };
		C5323FB1298D78C3006FE9D7 /* SignUpView.swift in Sources */ = {isa = PBXBuildFile; fileRef = C5323FB0298D78C3006FE9D7 /* SignUpView.swift */; };
		C55741A32981D84D0076D8B4 /* SplashViewModel.swift in Sources */ = {isa = PBXBuildFile; fileRef = C55741A22981D84D0076D8B4 /* SplashViewModel.swift */; };
		C55741A92981EE040076D8B4 /* SignInView.swift in Sources */ = {isa = PBXBuildFile; fileRef = C55741A82981EE040076D8B4 /* SignInView.swift */; };
		C55741AB2981EE450076D8B4 /* SignInViewModel.swift in Sources */ = {isa = PBXBuildFile; fileRef = C55741AA2981EE450076D8B4 /* SignInViewModel.swift */; };
		C55741AD2981EF7B0076D8B4 /* SplashViewRouter.swift in Sources */ = {isa = PBXBuildFile; fileRef = C55741AC2981EF7B0076D8B4 /* SplashViewRouter.swift */; };
		C5BAD201298AFA79004FFAAB /* SignInUIState.swift in Sources */ = {isa = PBXBuildFile; fileRef = C5BAD200298AFA79004FFAAB /* SignInUIState.swift */; };
		C5C0D4072953BE4C00806908 /* habitApp.swift in Sources */ = {isa = PBXBuildFile; fileRef = C5C0D4062953BE4C00806908 /* habitApp.swift */; };
		C5C0D40B2953BE4E00806908 /* Assets.xcassets in Resources */ = {isa = PBXBuildFile; fileRef = C5C0D40A2953BE4E00806908 /* Assets.xcassets */; };
		C5C0D40E2953BE4E00806908 /* Preview Assets.xcassets in Resources */ = {isa = PBXBuildFile; fileRef = C5C0D40D2953BE4E00806908 /* Preview Assets.xcassets */; };
		C5C3FCF42A5C468600DFF3FC /* EditTextView.swift in Sources */ = {isa = PBXBuildFile; fileRef = C5C3FCF32A5C468600DFF3FC /* EditTextView.swift */; };
/* End PBXBuildFile section */

/* Begin PBXFileReference section */
		C51DF56C299173C8000E8AC2 /* Gender.swift */ = {isa = PBXFileReference; lastKnownFileType = sourcecode.swift; path = Gender.swift; sourceTree = "<group>"; };
		C51DF56E29917EAF000E8AC2 /* SignUpUIState.swift */ = {isa = PBXFileReference; lastKnownFileType = sourcecode.swift; path = SignUpUIState.swift; sourceTree = "<group>"; };
		C51DF57029917EF7000E8AC2 /* SignUpViewModel.swift */ = {isa = PBXFileReference; lastKnownFileType = sourcecode.swift; path = SignUpViewModel.swift; sourceTree = "<group>"; };
		C51DF57229917F63000E8AC2 /* SignUpViewRouter.swift */ = {isa = PBXFileReference; lastKnownFileType = sourcecode.swift; path = SignUpViewRouter.swift; sourceTree = "<group>"; };
		C5206F17295B76CD00C5F78B /* SplashView.swift */ = {isa = PBXFileReference; lastKnownFileType = sourcecode.swift; path = SplashView.swift; sourceTree = "<group>"; };
		C5206F19295B775C00C5F78B /* SplashUIState.swift */ = {isa = PBXFileReference; lastKnownFileType = sourcecode.swift; path = SplashUIState.swift; sourceTree = "<group>"; };
		C531A4182A5DD947002314A5 /* CustomTextFieldStyle.swift */ = {isa = PBXFileReference; lastKnownFileType = sourcecode.swift; path = CustomTextFieldStyle.swift; sourceTree = "<group>"; };
		C5323FA1298D488A006FE9D7 /* SignInViewRouter.swift */ = {isa = PBXFileReference; lastKnownFileType = sourcecode.swift; path = SignInViewRouter.swift; sourceTree = "<group>"; };
		C5323FA7298D4912006FE9D7 /* HomeView.swift */ = {isa = PBXFileReference; lastKnownFileType = sourcecode.swift; path = HomeView.swift; sourceTree = "<group>"; };
		C5323FA9298D491D006FE9D7 /* HomeViewModel.swift */ = {isa = PBXFileReference; lastKnownFileType = sourcecode.swift; path = HomeViewModel.swift; sourceTree = "<group>"; };
		C5323FB0298D78C3006FE9D7 /* SignUpView.swift */ = {isa = PBXFileReference; lastKnownFileType = sourcecode.swift; path = SignUpView.swift; sourceTree = "<group>"; };
		C55741A22981D84D0076D8B4 /* SplashViewModel.swift */ = {isa = PBXFileReference; lastKnownFileType = sourcecode.swift; path = SplashViewModel.swift; sourceTree = "<group>"; };
		C55741A82981EE040076D8B4 /* SignInView.swift */ = {isa = PBXFileReference; lastKnownFileType = sourcecode.swift; path = SignInView.swift; sourceTree = "<group>"; };
		C55741AA2981EE450076D8B4 /* SignInViewModel.swift */ = {isa = PBXFileReference; lastKnownFileType = sourcecode.swift; path = SignInViewModel.swift; sourceTree = "<group>"; };
		C55741AC2981EF7B0076D8B4 /* SplashViewRouter.swift */ = {isa = PBXFileReference; lastKnownFileType = sourcecode.swift; path = SplashViewRouter.swift; sourceTree = "<group>"; };
		C5BAD200298AFA79004FFAAB /* SignInUIState.swift */ = {isa = PBXFileReference; lastKnownFileType = sourcecode.swift; path = SignInUIState.swift; sourceTree = "<group>"; };
		C5C0D4032953BE4C00806908 /* habit.app */ = {isa = PBXFileReference; explicitFileType = wrapper.application; includeInIndex = 0; path = habit.app; sourceTree = BUILT_PRODUCTS_DIR; };
		C5C0D4062953BE4C00806908 /* habitApp.swift */ = {isa = PBXFileReference; lastKnownFileType = sourcecode.swift; path = habitApp.swift; sourceTree = "<group>"; };
		C5C0D40A2953BE4E00806908 /* Assets.xcassets */ = {isa = PBXFileReference; lastKnownFileType = folder.assetcatalog; path = Assets.xcassets; sourceTree = "<group>"; };
		C5C0D40D2953BE4E00806908 /* Preview Assets.xcassets */ = {isa = PBXFileReference; lastKnownFileType = folder.assetcatalog; path = "Preview Assets.xcassets"; sourceTree = "<group>"; };
		C5C3FCF32A5C468600DFF3FC /* EditTextView.swift */ = {isa = PBXFileReference; lastKnownFileType = sourcecode.swift; path = EditTextView.swift; sourceTree = "<group>"; };
/* End PBXFileReference section */

/* Begin PBXFrameworksBuildPhase section */
		C5C0D4002953BE4C00806908 /* Frameworks */ = {
			isa = PBXFrameworksBuildPhase;
			buildActionMask = 2147483647;
			files = (
			);
			runOnlyForDeploymentPostprocessing = 0;
		};
/* End PBXFrameworksBuildPhase section */

/* Begin PBXGroup section */
		C51DF56A2991738D000E8AC2 /* Common */ = {
			isa = PBXGroup;
			children = (
				C5C3FCF22A5C463F00DFF3FC /* View */,
				C51DF56B299173B6000E8AC2 /* Model */,
			);
			path = Common;
			sourceTree = "<group>";
		};
		C51DF56B299173B6000E8AC2 /* Model */ = {
			isa = PBXGroup;
			children = (
				C51DF56C299173C8000E8AC2 /* Gender.swift */,
			);
			path = Model;
			sourceTree = "<group>";
		};
		C5206F13295B768000C5F78B /* Splash */ = {
			isa = PBXGroup;
			children = (
				C5206F15295B769600C5F78B /* Model */,
				C5206F16295B769B00C5F78B /* ViewModel */,
				C5206F14295B769000C5F78B /* View */,
			);
			path = Splash;
			sourceTree = "<group>";
		};
		C5206F14295B769000C5F78B /* View */ = {
			isa = PBXGroup;
			children = (
				C5206F17295B76CD00C5F78B /* SplashView.swift */,
			);
			path = View;
			sourceTree = "<group>";
		};
		C5206F15295B769600C5F78B /* Model */ = {
			isa = PBXGroup;
			children = (
				C5206F19295B775C00C5F78B /* SplashUIState.swift */,
			);
			path = Model;
			sourceTree = "<group>";
		};
		C5206F16295B769B00C5F78B /* ViewModel */ = {
			isa = PBXGroup;
			children = (
				C55741A22981D84D0076D8B4 /* SplashViewModel.swift */,
				C55741AC2981EF7B0076D8B4 /* SplashViewRouter.swift */,
			);
			path = ViewModel;
			sourceTree = "<group>";
		};
		C531A4172A5DD92E002314A5 /* Style */ = {
			isa = PBXGroup;
			children = (
				C531A4182A5DD947002314A5 /* CustomTextFieldStyle.swift */,
			);
			path = Style;
			sourceTree = "<group>";
		};
		C5323FA3298D48D5006FE9D7 /* Home */ = {
			isa = PBXGroup;
			children = (
				C5323FA4298D48DC006FE9D7 /* Model */,
				C5323FA6298D48EB006FE9D7 /* View */,
				C5323FA5298D48E0006FE9D7 /* ViewModel */,
			);
			path = Home;
			sourceTree = "<group>";
		};
		C5323FA4298D48DC006FE9D7 /* Model */ = {
			isa = PBXGroup;
			children = (
			);
			path = Model;
			sourceTree = "<group>";
		};
		C5323FA5298D48E0006FE9D7 /* ViewModel */ = {
			isa = PBXGroup;
			children = (
				C5323FA9298D491D006FE9D7 /* HomeViewModel.swift */,
			);
			path = ViewModel;
			sourceTree = "<group>";
		};
		C5323FA6298D48EB006FE9D7 /* View */ = {
			isa = PBXGroup;
			children = (
				C5323FA7298D4912006FE9D7 /* HomeView.swift */,
			);
			path = View;
			sourceTree = "<group>";
		};
		C5323FAB298D787F006FE9D7 /* SignUp */ = {
			isa = PBXGroup;
			children = (
				C5323FAE298D7899006FE9D7 /* Model */,
				C5323FAD298D7894006FE9D7 /* View */,
				C5323FAC298D7888006FE9D7 /* ViewModel */,
			);
			path = SignUp;
			sourceTree = "<group>";
		};
		C5323FAC298D7888006FE9D7 /* ViewModel */ = {
			isa = PBXGroup;
			children = (
				C51DF57029917EF7000E8AC2 /* SignUpViewModel.swift */,
				C51DF57229917F63000E8AC2 /* SignUpViewRouter.swift */,
			);
			path = ViewModel;
			sourceTree = "<group>";
		};
		C5323FAD298D7894006FE9D7 /* View */ = {
			isa = PBXGroup;
			children = (
				C5323FB0298D78C3006FE9D7 /* SignUpView.swift */,
			);
			path = View;
			sourceTree = "<group>";
		};
		C5323FAE298D7899006FE9D7 /* Model */ = {
			isa = PBXGroup;
			children = (
				C51DF56E29917EAF000E8AC2 /* SignUpUIState.swift */,
			);
			path = Model;
			sourceTree = "<group>";
		};
		C55741A42981ED980076D8B4 /* SignIn */ = {
			isa = PBXGroup;
			children = (
				C55741A62981EDBF0076D8B4 /* Model */,
				C55741A52981EDB60076D8B4 /* ViewModel */,
				C55741A72981EDCC0076D8B4 /* View */,
			);
			path = SignIn;
			sourceTree = "<group>";
		};
		C55741A52981EDB60076D8B4 /* ViewModel */ = {
			isa = PBXGroup;
			children = (
				C55741AA2981EE450076D8B4 /* SignInViewModel.swift */,
				C5323FA1298D488A006FE9D7 /* SignInViewRouter.swift */,
			);
			path = ViewModel;
			sourceTree = "<group>";
		};
		C55741A62981EDBF0076D8B4 /* Model */ = {
			isa = PBXGroup;
			children = (
				C5BAD200298AFA79004FFAAB /* SignInUIState.swift */,
			);
			path = Model;
			sourceTree = "<group>";
		};
		C55741A72981EDCC0076D8B4 /* View */ = {
			isa = PBXGroup;
			children = (
				C55741A82981EE040076D8B4 /* SignInView.swift */,
			);
			path = View;
			sourceTree = "<group>";
		};
		C5C0D3FA2953BE4C00806908 = {
			isa = PBXGroup;
			children = (
				C5C0D4052953BE4C00806908 /* habit */,
				C5C0D4042953BE4C00806908 /* Products */,
			);
			sourceTree = "<group>";
		};
		C5C0D4042953BE4C00806908 /* Products */ = {
			isa = PBXGroup;
			children = (
				C5C0D4032953BE4C00806908 /* habit.app */,
			);
			name = Products;
			sourceTree = "<group>";
		};
		C5C0D4052953BE4C00806908 /* habit */ = {
			isa = PBXGroup;
			children = (
				C5C0D4062953BE4C00806908 /* habitApp.swift */,
				C5C0D40A2953BE4E00806908 /* Assets.xcassets */,
				C51DF56A2991738D000E8AC2 /* Common */,
				C5323FA3298D48D5006FE9D7 /* Home */,
				C5C0D40C2953BE4E00806908 /* Preview Content */,
				C55741A42981ED980076D8B4 /* SignIn */,
				C5323FAB298D787F006FE9D7 /* SignUp */,
				C5206F13295B768000C5F78B /* Splash */,
			);
			path = habit;
			sourceTree = "<group>";
		};
		C5C0D40C2953BE4E00806908 /* Preview Content */ = {
			isa = PBXGroup;
			children = (
				C5C0D40D2953BE4E00806908 /* Preview Assets.xcassets */,
			);
			path = "Preview Content";
			sourceTree = "<group>";
		};
		C5C3FCF22A5C463F00DFF3FC /* View */ = {
			isa = PBXGroup;
			children = (
				C531A4172A5DD92E002314A5 /* Style */,
				C5C3FCF32A5C468600DFF3FC /* EditTextView.swift */,
			);
			path = View;
			sourceTree = "<group>";
		};
/* End PBXGroup section */

/* Begin PBXNativeTarget section */
		C5C0D4022953BE4C00806908 /* habit */ = {
			isa = PBXNativeTarget;
			buildConfigurationList = C5C0D4112953BE4E00806908 /* Build configuration list for PBXNativeTarget "habit" */;
			buildPhases = (
				C5C0D3FF2953BE4C00806908 /* Sources */,
				C5C0D4002953BE4C00806908 /* Frameworks */,
				C5C0D4012953BE4C00806908 /* Resources */,
			);
			buildRules = (
			);
			dependencies = (
			);
			name = habit;
			productName = habit;
			productReference = C5C0D4032953BE4C00806908 /* habit.app */;
			productType = "com.apple.product-type.application";
		};
/* End PBXNativeTarget section */

/* Begin PBXProject section */
		C5C0D3FB2953BE4C00806908 /* Project object */ = {
			isa = PBXProject;
			attributes = {
				BuildIndependentTargetsInParallel = 1;
				LastSwiftUpdateCheck = 1420;
				LastUpgradeCheck = 1420;
				TargetAttributes = {
					C5C0D4022953BE4C00806908 = {
						CreatedOnToolsVersion = 14.2;
					};
				};
			};
			buildConfigurationList = C5C0D3FE2953BE4C00806908 /* Build configuration list for PBXProject "habit" */;
			compatibilityVersion = "Xcode 14.0";
			developmentRegion = en;
			hasScannedForEncodings = 0;
			knownRegions = (
				en,
				Base,
			);
			mainGroup = C5C0D3FA2953BE4C00806908;
			productRefGroup = C5C0D4042953BE4C00806908 /* Products */;
			projectDirPath = "";
			projectRoot = "";
			targets = (
				C5C0D4022953BE4C00806908 /* habit */,
			);
		};
/* End PBXProject section */

/* Begin PBXResourcesBuildPhase section */
		C5C0D4012953BE4C00806908 /* Resources */ = {
			isa = PBXResourcesBuildPhase;
			buildActionMask = 2147483647;
			files = (
				C5C0D40E2953BE4E00806908 /* Preview Assets.xcassets in Resources */,
				C5C0D40B2953BE4E00806908 /* Assets.xcassets in Resources */,
			);
			runOnlyForDeploymentPostprocessing = 0;
		};
/* End PBXResourcesBuildPhase section */

/* Begin PBXSourcesBuildPhase section */
		C5C0D3FF2953BE4C00806908 /* Sources */ = {
			isa = PBXSourcesBuildPhase;
			buildActionMask = 2147483647;
			files = (
				C5206F1A295B775C00C5F78B /* SplashUIState.swift in Sources */,
				C5323FAA298D491D006FE9D7 /* HomeViewModel.swift in Sources */,
				C5C0D4072953BE4C00806908 /* habitApp.swift in Sources */,
				C51DF57329917F63000E8AC2 /* SignUpViewRouter.swift in Sources */,
				C55741AB2981EE450076D8B4 /* SignInViewModel.swift in Sources */,
				C5323FB1298D78C3006FE9D7 /* SignUpView.swift in Sources */,
				C5323FA8298D4912006FE9D7 /* HomeView.swift in Sources */,
				C5323FA2298D488A006FE9D7 /* SignInViewRouter.swift in Sources */,
				C51DF57129917EF7000E8AC2 /* SignUpViewModel.swift in Sources */,
				C51DF56F29917EAF000E8AC2 /* SignUpUIState.swift in Sources */,
				C5206F18295B76CD00C5F78B /* SplashView.swift in Sources */,
				C51DF56D299173C8000E8AC2 /* Gender.swift in Sources */,
				C55741A32981D84D0076D8B4 /* SplashViewModel.swift in Sources */,
				C5BAD201298AFA79004FFAAB /* SignInUIState.swift in Sources */,
				C531A4192A5DD947002314A5 /* CustomTextFieldStyle.swift in Sources */,
				C5C3FCF42A5C468600DFF3FC /* EditTextView.swift in Sources */,
				C55741AD2981EF7B0076D8B4 /* SplashViewRouter.swift in Sources */,
				C55741A92981EE040076D8B4 /* SignInView.swift in Sources */,
			);
			runOnlyForDeploymentPostprocessing = 0;
		};
/* End PBXSourcesBuildPhase section */

/* Begin XCBuildConfiguration section */
		C5C0D40F2953BE4E00806908 /* Debug */ = {
			isa = XCBuildConfiguration;
			buildSettings = {
				ALWAYS_SEARCH_USER_PATHS = NO;
				CLANG_ANALYZER_NONNULL = YES;
				CLANG_ANALYZER_NUMBER_OBJECT_CONVERSION = YES_AGGRESSIVE;
				CLANG_CXX_LANGUAGE_STANDARD = "gnu++20";
				CLANG_ENABLE_MODULES = YES;
				CLANG_ENABLE_OBJC_ARC = YES;
				CLANG_ENABLE_OBJC_WEAK = YES;
				CLANG_WARN_BLOCK_CAPTURE_AUTORELEASING = YES;
				CLANG_WARN_BOOL_CONVERSION = YES;
				CLANG_WARN_COMMA = YES;
				CLANG_WARN_CONSTANT_CONVERSION = YES;
				CLANG_WARN_DEPRECATED_OBJC_IMPLEMENTATIONS = YES;
				CLANG_WARN_DIRECT_OBJC_ISA_USAGE = YES_ERROR;
				CLANG_WARN_DOCUMENTATION_COMMENTS = YES;
				CLANG_WARN_EMPTY_BODY = YES;
				CLANG_WARN_ENUM_CONVERSION = YES;
				CLANG_WARN_INFINITE_RECURSION = YES;
				CLANG_WARN_INT_CONVERSION = YES;
				CLANG_WARN_NON_LITERAL_NULL_CONVERSION = YES;
				CLANG_WARN_OBJC_IMPLICIT_RETAIN_SELF = YES;
				CLANG_WARN_OBJC_LITERAL_CONVERSION = YES;
				CLANG_WARN_OBJC_ROOT_CLASS = YES_ERROR;
				CLANG_WARN_QUOTED_INCLUDE_IN_FRAMEWORK_HEADER = YES;
				CLANG_WARN_RANGE_LOOP_ANALYSIS = YES;
				CLANG_WARN_STRICT_PROTOTYPES = YES;
				CLANG_WARN_SUSPICIOUS_MOVE = YES;
				CLANG_WARN_UNGUARDED_AVAILABILITY = YES_AGGRESSIVE;
				CLANG_WARN_UNREACHABLE_CODE = YES;
				CLANG_WARN__DUPLICATE_METHOD_MATCH = YES;
				COPY_PHASE_STRIP = NO;
				DEBUG_INFORMATION_FORMAT = dwarf;
				ENABLE_STRICT_OBJC_MSGSEND = YES;
				ENABLE_TESTABILITY = YES;
				GCC_C_LANGUAGE_STANDARD = gnu11;
				GCC_DYNAMIC_NO_PIC = NO;
				GCC_NO_COMMON_BLOCKS = YES;
				GCC_OPTIMIZATION_LEVEL = 0;
				GCC_PREPROCESSOR_DEFINITIONS = (
					"DEBUG=1",
					"$(inherited)",
				);
				GCC_WARN_64_TO_32_BIT_CONVERSION = YES;
				GCC_WARN_ABOUT_RETURN_TYPE = YES_ERROR;
				GCC_WARN_UNDECLARED_SELECTOR = YES;
				GCC_WARN_UNINITIALIZED_AUTOS = YES_AGGRESSIVE;
				GCC_WARN_UNUSED_FUNCTION = YES;
				GCC_WARN_UNUSED_VARIABLE = YES;
				IPHONEOS_DEPLOYMENT_TARGET = 16.2;
				MTL_ENABLE_DEBUG_INFO = INCLUDE_SOURCE;
				MTL_FAST_MATH = YES;
				ONLY_ACTIVE_ARCH = YES;
				SDKROOT = iphoneos;
				SWIFT_ACTIVE_COMPILATION_CONDITIONS = DEBUG;
				SWIFT_OPTIMIZATION_LEVEL = "-Onone";
			};
			name = Debug;
		};
		C5C0D4102953BE4E00806908 /* Release */ = {
			isa = XCBuildConfiguration;
			buildSettings = {
				ALWAYS_SEARCH_USER_PATHS = NO;
				CLANG_ANALYZER_NONNULL = YES;
				CLANG_ANALYZER_NUMBER_OBJECT_CONVERSION = YES_AGGRESSIVE;
				CLANG_CXX_LANGUAGE_STANDARD = "gnu++20";
				CLANG_ENABLE_MODULES = YES;
				CLANG_ENABLE_OBJC_ARC = YES;
				CLANG_ENABLE_OBJC_WEAK = YES;
				CLANG_WARN_BLOCK_CAPTURE_AUTORELEASING = YES;
				CLANG_WARN_BOOL_CONVERSION = YES;
				CLANG_WARN_COMMA = YES;
				CLANG_WARN_CONSTANT_CONVERSION = YES;
				CLANG_WARN_DEPRECATED_OBJC_IMPLEMENTATIONS = YES;
				CLANG_WARN_DIRECT_OBJC_ISA_USAGE = YES_ERROR;
				CLANG_WARN_DOCUMENTATION_COMMENTS = YES;
				CLANG_WARN_EMPTY_BODY = YES;
				CLANG_WARN_ENUM_CONVERSION = YES;
				CLANG_WARN_INFINITE_RECURSION = YES;
				CLANG_WARN_INT_CONVERSION = YES;
				CLANG_WARN_NON_LITERAL_NULL_CONVERSION = YES;
				CLANG_WARN_OBJC_IMPLICIT_RETAIN_SELF = YES;
				CLANG_WARN_OBJC_LITERAL_CONVERSION = YES;
				CLANG_WARN_OBJC_ROOT_CLASS = YES_ERROR;
				CLANG_WARN_QUOTED_INCLUDE_IN_FRAMEWORK_HEADER = YES;
				CLANG_WARN_RANGE_LOOP_ANALYSIS = YES;
				CLANG_WARN_STRICT_PROTOTYPES = YES;
				CLANG_WARN_SUSPICIOUS_MOVE = YES;
				CLANG_WARN_UNGUARDED_AVAILABILITY = YES_AGGRESSIVE;
				CLANG_WARN_UNREACHABLE_CODE = YES;
				CLANG_WARN__DUPLICATE_METHOD_MATCH = YES;
				COPY_PHASE_STRIP = NO;
				DEBUG_INFORMATION_FORMAT = "dwarf-with-dsym";
				ENABLE_NS_ASSERTIONS = NO;
				ENABLE_STRICT_OBJC_MSGSEND = YES;
				GCC_C_LANGUAGE_STANDARD = gnu11;
				GCC_NO_COMMON_BLOCKS = YES;
				GCC_WARN_64_TO_32_BIT_CONVERSION = YES;
				GCC_WARN_ABOUT_RETURN_TYPE = YES_ERROR;
				GCC_WARN_UNDECLARED_SELECTOR = YES;
				GCC_WARN_UNINITIALIZED_AUTOS = YES_AGGRESSIVE;
				GCC_WARN_UNUSED_FUNCTION = YES;
				GCC_WARN_UNUSED_VARIABLE = YES;
				IPHONEOS_DEPLOYMENT_TARGET = 16.2;
				MTL_ENABLE_DEBUG_INFO = NO;
				MTL_FAST_MATH = YES;
				SDKROOT = iphoneos;
				SWIFT_COMPILATION_MODE = wholemodule;
				SWIFT_OPTIMIZATION_LEVEL = "-O";
				VALIDATE_PRODUCT = YES;
			};
			name = Release;
		};
		C5C0D4122953BE4E00806908 /* Debug */ = {
			isa = XCBuildConfiguration;
			buildSettings = {
				ASSETCATALOG_COMPILER_APPICON_NAME = AppIcon;
				ASSETCATALOG_COMPILER_GLOBAL_ACCENT_COLOR_NAME = AccentColor;
				CODE_SIGN_STYLE = Automatic;
				CURRENT_PROJECT_VERSION = 1;
				DEVELOPMENT_ASSET_PATHS = "\"habit/Preview Content\"";
				DEVELOPMENT_TEAM = KA74A9Q966;
				ENABLE_PREVIEWS = YES;
				GENERATE_INFOPLIST_FILE = YES;
				INFOPLIST_KEY_UIApplicationSceneManifest_Generation = YES;
				INFOPLIST_KEY_UIApplicationSupportsIndirectInputEvents = YES;
				INFOPLIST_KEY_UILaunchScreen_Generation = YES;
				INFOPLIST_KEY_UISupportedInterfaceOrientations_iPad = "UIInterfaceOrientationPortrait UIInterfaceOrientationPortraitUpsideDown UIInterfaceOrientationLandscapeLeft UIInterfaceOrientationLandscapeRight";
				INFOPLIST_KEY_UISupportedInterfaceOrientations_iPhone = "UIInterfaceOrientationPortrait UIInterfaceOrientationLandscapeLeft UIInterfaceOrientationLandscapeRight";
				IPHONEOS_DEPLOYMENT_TARGET = 14.0;
				LD_RUNPATH_SEARCH_PATHS = (
					"$(inherited)",
					"@executable_path/Frameworks",
				);
				MARKETING_VERSION = 1.0;
				PRODUCT_BUNDLE_IDENTIFIER = JeanCamargoReal.habit;
				PRODUCT_NAME = "$(TARGET_NAME)";
				SWIFT_EMIT_LOC_STRINGS = YES;
				SWIFT_VERSION = 5.0;
				TARGETED_DEVICE_FAMILY = "1,2";
			};
			name = Debug;
		};
		C5C0D4132953BE4E00806908 /* Release */ = {
			isa = XCBuildConfiguration;
			buildSettings = {
				ASSETCATALOG_COMPILER_APPICON_NAME = AppIcon;
				ASSETCATALOG_COMPILER_GLOBAL_ACCENT_COLOR_NAME = AccentColor;
				CODE_SIGN_STYLE = Automatic;
				CURRENT_PROJECT_VERSION = 1;
				DEVELOPMENT_ASSET_PATHS = "\"habit/Preview Content\"";
				DEVELOPMENT_TEAM = KA74A9Q966;
				ENABLE_PREVIEWS = YES;
				GENERATE_INFOPLIST_FILE = YES;
				INFOPLIST_KEY_UIApplicationSceneManifest_Generation = YES;
				INFOPLIST_KEY_UIApplicationSupportsIndirectInputEvents = YES;
				INFOPLIST_KEY_UILaunchScreen_Generation = YES;
				INFOPLIST_KEY_UISupportedInterfaceOrientations_iPad = "UIInterfaceOrientationPortrait UIInterfaceOrientationPortraitUpsideDown UIInterfaceOrientationLandscapeLeft UIInterfaceOrientationLandscapeRight";
				INFOPLIST_KEY_UISupportedInterfaceOrientations_iPhone = "UIInterfaceOrientationPortrait UIInterfaceOrientationLandscapeLeft UIInterfaceOrientationLandscapeRight";
				IPHONEOS_DEPLOYMENT_TARGET = 14.0;
				LD_RUNPATH_SEARCH_PATHS = (
					"$(inherited)",
					"@executable_path/Frameworks",
				);
				MARKETING_VERSION = 1.0;
				PRODUCT_BUNDLE_IDENTIFIER = JeanCamargoReal.habit;
				PRODUCT_NAME = "$(TARGET_NAME)";
				SWIFT_EMIT_LOC_STRINGS = YES;
				SWIFT_VERSION = 5.0;
				TARGETED_DEVICE_FAMILY = "1,2";
			};
			name = Release;
		};
/* End XCBuildConfiguration section */

/* Begin XCConfigurationList section */
		C5C0D3FE2953BE4C00806908 /* Build configuration list for PBXProject "habit" */ = {
			isa = XCConfigurationList;
			buildConfigurations = (
				C5C0D40F2953BE4E00806908 /* Debug */,
				C5C0D4102953BE4E00806908 /* Release */,
			);
			defaultConfigurationIsVisible = 0;
			defaultConfigurationName = Release;
		};
		C5C0D4112953BE4E00806908 /* Build configuration list for PBXNativeTarget "habit" */ = {
			isa = XCConfigurationList;
			buildConfigurations = (
				C5C0D4122953BE4E00806908 /* Debug */,
				C5C0D4132953BE4E00806908 /* Release */,
			);
			defaultConfigurationIsVisible = 0;
			defaultConfigurationName = Release;
		};
/* End XCConfigurationList section */
	};
	rootObject = C5C0D3FB2953BE4C00806908 /* Project object */;
}
